// !$*UTF8*$!
{
	archiveVersion = 1;
	classes = {
	};
	objectVersion = 46;
	objects = {

/* Begin PBXBuildFile section */
		00286EE61371136000EAB58A /* JSONKit.h in Headers */ = {isa = PBXBuildFile; fileRef = 00286EE31371136000EAB58A /* JSONKit.h */; };
		00286EE71371136000EAB58A /* JSONKit.m in Sources */ = {isa = PBXBuildFile; fileRef = 00286EE41371136000EAB58A /* JSONKit.m */; };
		00323D41132C1943003BED87 /* HSRequestHandlerRegistry.h in Headers */ = {isa = PBXBuildFile; fileRef = 007A804F1319D9910040A3AE /* HSRequestHandlerRegistry.h */; };
		00323D42132C195E003BED87 /* HSNotFoundHandler.h in Headers */ = {isa = PBXBuildFile; fileRef = 00BF732B1319EBB80009761A /* HSNotFoundHandler.h */; };
		0043D8BC137F559E00897D4D /* HSHandlerPath.h in Headers */ = {isa = PBXBuildFile; fileRef = 0043D8BA137F559E00897D4D /* HSHandlerPath.h */; settings = {ATTRIBUTES = (Public, ); }; };
		0043D8BD137F559E00897D4D /* HSHandlerPath.m in Sources */ = {isa = PBXBuildFile; fileRef = 0043D8BB137F559E00897D4D /* HSHandlerPath.m */; };
		0043D8C1137F5D2800897D4D /* NSString+HTTPServe.h in Headers */ = {isa = PBXBuildFile; fileRef = 0043D8BF137F5D2800897D4D /* NSString+HTTPServe.h */; settings = {ATTRIBUTES = (Public, ); }; };
		0043D8C2137F5D2800897D4D /* NSString+HTTPServe.m in Sources */ = {isa = PBXBuildFile; fileRef = 0043D8C0137F5D2800897D4D /* NSString+HTTPServe.m */; };
		008AECA9132C1105000A29C9 /* HSRestRequestHandler.h in Headers */ = {isa = PBXBuildFile; fileRef = 000BF759131A0ED10012814B /* HSRestRequestHandler.h */; settings = {ATTRIBUTES = (); }; };
		008AECAA132C112D000A29C9 /* HSHTTPConnection.h in Headers */ = {isa = PBXBuildFile; fileRef = 00530B7C1313478A006A9311 /* HSHTTPConnection.h */; };
		008AECAC132C112E000A29C9 /* HSClassHolder.h in Headers */ = {isa = PBXBuildFile; fileRef = 007A80621319E6620040A3AE /* HSClassHolder.h */; };
		008AECAD132C112E000A29C9 /* HSSystemUtil.h in Headers */ = {isa = PBXBuildFile; fileRef = 007A80531319DD980040A3AE /* HSSystemUtil.h */; };
		00E35D92132C032F00D25EFF /* Cocoa.framework in Frameworks */ = {isa = PBXBuildFile; fileRef = 00CE973613133CBF006F6A38 /* Cocoa.framework */; };
		00E35D9A132C035600D25EFF /* HSHTTPConnection.m in Sources */ = {isa = PBXBuildFile; fileRef = 00530B7D1313478A006A9311 /* HSHTTPConnection.m */; };
		00E35D9C132C035600D25EFF /* HSNotFoundHandler.m in Sources */ = {isa = PBXBuildFile; fileRef = 00BF732C1319EBB80009761A /* HSNotFoundHandler.m */; };
		00E35D9F132C035600D25EFF /* HSHttpMethod.m in Sources */ = {isa = PBXBuildFile; fileRef = 008875BB131A170E00399F98 /* HSHttpMethod.m */; };
		00E35DA1132C035600D25EFF /* HSRequest.m in Sources */ = {isa = PBXBuildFile; fileRef = 00BF736B1319F5320009761A /* HSRequest.m */; };
		00E35DA3132C035600D25EFF /* HSResponse.m in Sources */ = {isa = PBXBuildFile; fileRef = 00A17CA71319CA85002B0FC3 /* HSResponse.m */; };
		00E35DA6132C035600D25EFF /* HSRestRequestHandler.m in Sources */ = {isa = PBXBuildFile; fileRef = 000BF75A131A0ED10012814B /* HSRestRequestHandler.m */; };
		00E35DA9132C035600D25EFF /* HSResourceDescriptor.m in Sources */ = {isa = PBXBuildFile; fileRef = 000BF761131A13290012814B /* HSResourceDescriptor.m */; };
		00E35DAC132C035600D25EFF /* HSHTTPServe.m in Sources */ = {isa = PBXBuildFile; fileRef = 00CE976113133CD4006F6A38 /* HSHTTPServe.m */; };
		00E35DAE132C035600D25EFF /* HSRequestHandlerRegistry.m in Sources */ = {isa = PBXBuildFile; fileRef = 007A80501319D9910040A3AE /* HSRequestHandlerRegistry.m */; };
		00E35DB0132C035600D25EFF /* HSClassHolder.m in Sources */ = {isa = PBXBuildFile; fileRef = 007A80631319E6620040A3AE /* HSClassHolder.m */; };
		00E35DB2132C035600D25EFF /* HSSystemUtil.m in Sources */ = {isa = PBXBuildFile; fileRef = 007A80541319DD990040A3AE /* HSSystemUtil.m */; };
		00E35DB6132C03B100D25EFF /* HSRequestHandler.h in Headers */ = {isa = PBXBuildFile; fileRef = 00A17CA31319CA66002B0FC3 /* HSRequestHandler.h */; settings = {ATTRIBUTES = (Public, ); }; };
		00E35DB7132C03B100D25EFF /* HSHttpMethod.h in Headers */ = {isa = PBXBuildFile; fileRef = 000BF764131A13500012814B /* HSHttpMethod.h */; settings = {ATTRIBUTES = (Public, ); }; };
		00E35DB8132C03B100D25EFF /* HSResponse.h in Headers */ = {isa = PBXBuildFile; fileRef = 00A17CA61319CA85002B0FC3 /* HSResponse.h */; settings = {ATTRIBUTES = (Public, ); }; };
		00E35DB9132C03B100D25EFF /* HSResponseCode.h in Headers */ = {isa = PBXBuildFile; fileRef = 0013189C1319F9DD00F0AFB8 /* HSResponseCode.h */; settings = {ATTRIBUTES = (Public, ); }; };
		00E35DBA132C03B100D25EFF /* HSRestResource.h in Headers */ = {isa = PBXBuildFile; fileRef = 000BF75E131A12D40012814B /* HSRestResource.h */; settings = {ATTRIBUTES = (Public, ); }; };
		00E35DBB132C03B100D25EFF /* HSHTTPServe.h in Headers */ = {isa = PBXBuildFile; fileRef = 00CE976013133CD4006F6A38 /* HSHTTPServe.h */; settings = {ATTRIBUTES = (Public, ); }; };
		00E35DBC132C03EA00D25EFF /* HSRequest.h in Headers */ = {isa = PBXBuildFile; fileRef = 00BF736A1319F5320009761A /* HSRequest.h */; settings = {ATTRIBUTES = (Public, ); }; };
		00E35DBD132C03EA00D25EFF /* HSResourceDescriptor.h in Headers */ = {isa = PBXBuildFile; fileRef = 000BF760131A13290012814B /* HSResourceDescriptor.h */; settings = {ATTRIBUTES = (Public, ); }; };
/* End PBXBuildFile section */

/* Begin PBXFileReference section */
		000BF759131A0ED10012814B /* HSRestRequestHandler.h */ = {isa = PBXFileReference; fileEncoding = 4; lastKnownFileType = sourcecode.c.h; path = HSRestRequestHandler.h; sourceTree = "<group>"; };
		000BF75A131A0ED10012814B /* HSRestRequestHandler.m */ = {isa = PBXFileReference; fileEncoding = 4; lastKnownFileType = sourcecode.c.objc; path = HSRestRequestHandler.m; sourceTree = "<group>"; };
		000BF75E131A12D40012814B /* HSRestResource.h */ = {isa = PBXFileReference; fileEncoding = 4; lastKnownFileType = sourcecode.c.h; path = HSRestResource.h; sourceTree = "<group>"; };
		000BF760131A13290012814B /* HSResourceDescriptor.h */ = {isa = PBXFileReference; fileEncoding = 4; lastKnownFileType = sourcecode.c.h; path = HSResourceDescriptor.h; sourceTree = "<group>"; };
		000BF761131A13290012814B /* HSResourceDescriptor.m */ = {isa = PBXFileReference; fileEncoding = 4; lastKnownFileType = sourcecode.c.objc; path = HSResourceDescriptor.m; sourceTree = "<group>"; };
		000BF764131A13500012814B /* HSHttpMethod.h */ = {isa = PBXFileReference; fileEncoding = 4; lastKnownFileType = sourcecode.c.h; path = HSHttpMethod.h; sourceTree = "<group>"; };
		0013189C1319F9DD00F0AFB8 /* HSResponseCode.h */ = {isa = PBXFileReference; fileEncoding = 4; lastKnownFileType = sourcecode.c.h; path = HSResponseCode.h; sourceTree = "<group>"; };
		00286EBF1371136000EAB58A /* config */ = {isa = PBXFileReference; fileEncoding = 4; lastKnownFileType = text; path = config; sourceTree = "<group>"; };
		00286EC01371136000EAB58A /* description */ = {isa = PBXFileReference; fileEncoding = 4; lastKnownFileType = text; path = description; sourceTree = "<group>"; };
		00286EC11371136000EAB58A /* HEAD */ = {isa = PBXFileReference; fileEncoding = 4; lastKnownFileType = text; path = HEAD; sourceTree = "<group>"; };
		00286EC31371136000EAB58A /* applypatch-msg.sample */ = {isa = PBXFileReference; fileEncoding = 4; lastKnownFileType = text.script.sh; path = "applypatch-msg.sample"; sourceTree = "<group>"; };
		00286EC41371136000EAB58A /* commit-msg.sample */ = {isa = PBXFileReference; fileEncoding = 4; lastKnownFileType = text.script.sh; path = "commit-msg.sample"; sourceTree = "<group>"; };
		00286EC51371136000EAB58A /* post-commit.sample */ = {isa = PBXFileReference; fileEncoding = 4; lastKnownFileType = text.script.sh; path = "post-commit.sample"; sourceTree = "<group>"; };
		00286EC61371136000EAB58A /* post-receive.sample */ = {isa = PBXFileReference; fileEncoding = 4; lastKnownFileType = text.script.sh; path = "post-receive.sample"; sourceTree = "<group>"; };
		00286EC71371136000EAB58A /* post-update.sample */ = {isa = PBXFileReference; fileEncoding = 4; lastKnownFileType = text.script.sh; path = "post-update.sample"; sourceTree = "<group>"; };
		00286EC81371136000EAB58A /* pre-applypatch.sample */ = {isa = PBXFileReference; fileEncoding = 4; lastKnownFileType = text.script.sh; path = "pre-applypatch.sample"; sourceTree = "<group>"; };
		00286EC91371136000EAB58A /* pre-commit.sample */ = {isa = PBXFileReference; fileEncoding = 4; lastKnownFileType = text.script.sh; path = "pre-commit.sample"; sourceTree = "<group>"; };
		00286ECA1371136000EAB58A /* pre-rebase.sample */ = {isa = PBXFileReference; fileEncoding = 4; lastKnownFileType = text.script.sh; path = "pre-rebase.sample"; sourceTree = "<group>"; };
		00286ECB1371136000EAB58A /* prepare-commit-msg.sample */ = {isa = PBXFileReference; fileEncoding = 4; lastKnownFileType = text.script.sh; path = "prepare-commit-msg.sample"; sourceTree = "<group>"; };
		00286ECC1371136000EAB58A /* update.sample */ = {isa = PBXFileReference; fileEncoding = 4; lastKnownFileType = text.script.sh; path = update.sample; sourceTree = "<group>"; };
		00286ECD1371136000EAB58A /* index */ = {isa = PBXFileReference; lastKnownFileType = file; path = index; sourceTree = "<group>"; };
		00286ECF1371136000EAB58A /* exclude */ = {isa = PBXFileReference; fileEncoding = 4; lastKnownFileType = text; path = exclude; sourceTree = "<group>"; };
		00286ED11371136000EAB58A /* HEAD */ = {isa = PBXFileReference; fileEncoding = 4; lastKnownFileType = text; path = HEAD; sourceTree = "<group>"; };
		00286ED41371136000EAB58A /* master */ = {isa = PBXFileReference; fileEncoding = 4; lastKnownFileType = text; path = master; sourceTree = "<group>"; };
		00286ED81371136000EAB58A /* pack-96df0815924ed1af10e09d586561151a14db0564.idx */ = {isa = PBXFileReference; lastKnownFileType = file; path = "pack-96df0815924ed1af10e09d586561151a14db0564.idx"; sourceTree = "<group>"; };
		00286ED91371136000EAB58A /* pack-96df0815924ed1af10e09d586561151a14db0564.pack */ = {isa = PBXFileReference; lastKnownFileType = file; path = "pack-96df0815924ed1af10e09d586561151a14db0564.pack"; sourceTree = "<group>"; };
		00286EDA1371136000EAB58A /* packed-refs */ = {isa = PBXFileReference; fileEncoding = 4; lastKnownFileType = text; path = "packed-refs"; sourceTree = "<group>"; };
		00286EDD1371136000EAB58A /* master */ = {isa = PBXFileReference; fileEncoding = 4; lastKnownFileType = text; path = master; sourceTree = "<group>"; };
		00286EE01371136000EAB58A /* HEAD */ = {isa = PBXFileReference; fileEncoding = 4; lastKnownFileType = text; path = HEAD; sourceTree = "<group>"; };
		00286EE21371136000EAB58A /* CHANGELOG.md */ = {isa = PBXFileReference; fileEncoding = 4; lastKnownFileType = text; path = CHANGELOG.md; sourceTree = "<group>"; };
		00286EE31371136000EAB58A /* JSONKit.h */ = {isa = PBXFileReference; fileEncoding = 4; lastKnownFileType = sourcecode.c.h; path = JSONKit.h; sourceTree = "<group>"; };
		00286EE41371136000EAB58A /* JSONKit.m */ = {isa = PBXFileReference; fileEncoding = 4; lastKnownFileType = sourcecode.c.objc; path = JSONKit.m; sourceTree = "<group>"; };
		00286EE51371136000EAB58A /* README.md */ = {isa = PBXFileReference; fileEncoding = 4; lastKnownFileType = text; path = README.md; sourceTree = "<group>"; };
		0043D8BA137F559E00897D4D /* HSHandlerPath.h */ = {isa = PBXFileReference; fileEncoding = 4; lastKnownFileType = sourcecode.c.h; path = HSHandlerPath.h; sourceTree = "<group>"; };
		0043D8BB137F559E00897D4D /* HSHandlerPath.m */ = {isa = PBXFileReference; fileEncoding = 4; lastKnownFileType = sourcecode.c.objc; path = HSHandlerPath.m; sourceTree = "<group>"; };
		0043D8BF137F5D2800897D4D /* NSString+HTTPServe.h */ = {isa = PBXFileReference; fileEncoding = 4; lastKnownFileType = sourcecode.c.h; path = "NSString+HTTPServe.h"; sourceTree = "<group>"; };
		0043D8C0137F5D2800897D4D /* NSString+HTTPServe.m */ = {isa = PBXFileReference; fileEncoding = 4; lastKnownFileType = sourcecode.c.objc; path = "NSString+HTTPServe.m"; sourceTree = "<group>"; };
		00530B7C1313478A006A9311 /* HSHTTPConnection.h */ = {isa = PBXFileReference; fileEncoding = 4; lastKnownFileType = sourcecode.c.h; path = HSHTTPConnection.h; sourceTree = "<group>"; };
		00530B7D1313478A006A9311 /* HSHTTPConnection.m */ = {isa = PBXFileReference; fileEncoding = 4; lastKnownFileType = sourcecode.c.objc; path = HSHTTPConnection.m; sourceTree = "<group>"; };
		00530B8113134E84006A9311 /* test.html */ = {isa = PBXFileReference; fileEncoding = 4; lastKnownFileType = text.html; path = test.html; sourceTree = "<group>"; };
		007A804F1319D9910040A3AE /* HSRequestHandlerRegistry.h */ = {isa = PBXFileReference; fileEncoding = 4; lastKnownFileType = sourcecode.c.h; path = HSRequestHandlerRegistry.h; sourceTree = "<group>"; };
		007A80501319D9910040A3AE /* HSRequestHandlerRegistry.m */ = {isa = PBXFileReference; fileEncoding = 4; lastKnownFileType = sourcecode.c.objc; path = HSRequestHandlerRegistry.m; sourceTree = "<group>"; };
		007A80531319DD980040A3AE /* HSSystemUtil.h */ = {isa = PBXFileReference; fileEncoding = 4; lastKnownFileType = sourcecode.c.h; path = HSSystemUtil.h; sourceTree = "<group>"; };
		007A80541319DD990040A3AE /* HSSystemUtil.m */ = {isa = PBXFileReference; fileEncoding = 4; lastKnownFileType = sourcecode.c.objc; path = HSSystemUtil.m; sourceTree = "<group>"; };
		007A80621319E6620040A3AE /* HSClassHolder.h */ = {isa = PBXFileReference; fileEncoding = 4; lastKnownFileType = sourcecode.c.h; path = HSClassHolder.h; sourceTree = "<group>"; };
		007A80631319E6620040A3AE /* HSClassHolder.m */ = {isa = PBXFileReference; fileEncoding = 4; lastKnownFileType = sourcecode.c.objc; path = HSClassHolder.m; sourceTree = "<group>"; };
		008875BB131A170E00399F98 /* HSHttpMethod.m */ = {isa = PBXFileReference; fileEncoding = 4; lastKnownFileType = sourcecode.c.objc; path = HSHttpMethod.m; sourceTree = "<group>"; };
		00A17CA31319CA66002B0FC3 /* HSRequestHandler.h */ = {isa = PBXFileReference; fileEncoding = 4; lastKnownFileType = sourcecode.c.h; path = HSRequestHandler.h; sourceTree = "<group>"; };
		00A17CA61319CA85002B0FC3 /* HSResponse.h */ = {isa = PBXFileReference; fileEncoding = 4; lastKnownFileType = sourcecode.c.h; path = HSResponse.h; sourceTree = "<group>"; };
		00A17CA71319CA85002B0FC3 /* HSResponse.m */ = {isa = PBXFileReference; fileEncoding = 4; lastKnownFileType = sourcecode.c.objc; path = HSResponse.m; sourceTree = "<group>"; };
		00BF732B1319EBB80009761A /* HSNotFoundHandler.h */ = {isa = PBXFileReference; fileEncoding = 4; lastKnownFileType = sourcecode.c.h; path = HSNotFoundHandler.h; sourceTree = "<group>"; };
		00BF732C1319EBB80009761A /* HSNotFoundHandler.m */ = {isa = PBXFileReference; fileEncoding = 4; lastKnownFileType = sourcecode.c.objc; path = HSNotFoundHandler.m; sourceTree = "<group>"; };
		00BF736A1319F5320009761A /* HSRequest.h */ = {isa = PBXFileReference; fileEncoding = 4; lastKnownFileType = sourcecode.c.h; path = HSRequest.h; sourceTree = "<group>"; };
		00BF736B1319F5320009761A /* HSRequest.m */ = {isa = PBXFileReference; fileEncoding = 4; lastKnownFileType = sourcecode.c.objc; path = HSRequest.m; sourceTree = "<group>"; };
		00CE973613133CBF006F6A38 /* Cocoa.framework */ = {isa = PBXFileReference; lastKnownFileType = wrapper.framework; name = Cocoa.framework; path = System/Library/Frameworks/Cocoa.framework; sourceTree = SDKROOT; };
		00CE973E13133CBF006F6A38 /* HTTPServe-Info.plist */ = {isa = PBXFileReference; lastKnownFileType = text.plist.xml; path = "HTTPServe-Info.plist"; sourceTree = "<group>"; };
		00CE974013133CBF006F6A38 /* en */ = {isa = PBXFileReference; lastKnownFileType = text.plist.strings; name = en; path = en.lproj/InfoPlist.strings; sourceTree = "<group>"; };
		00CE974213133CBF006F6A38 /* HTTPServe-Prefix.pch */ = {isa = PBXFileReference; lastKnownFileType = sourcecode.c.h; path = "HTTPServe-Prefix.pch"; sourceTree = "<group>"; };
		00CE974F13133CBF006F6A38 /* HTTPServeTests-Info.plist */ = {isa = PBXFileReference; lastKnownFileType = text.plist.xml; path = "HTTPServeTests-Info.plist"; sourceTree = "<group>"; };
		00CE975113133CBF006F6A38 /* en */ = {isa = PBXFileReference; lastKnownFileType = text.plist.strings; name = en; path = en.lproj/InfoPlist.strings; sourceTree = "<group>"; };
		00CE975313133CBF006F6A38 /* HTTPServeTests-Prefix.pch */ = {isa = PBXFileReference; lastKnownFileType = sourcecode.c.h; path = "HTTPServeTests-Prefix.pch"; sourceTree = "<group>"; };
		00CE975413133CBF006F6A38 /* HTTPServeTests.h */ = {isa = PBXFileReference; lastKnownFileType = sourcecode.c.h; path = HTTPServeTests.h; sourceTree = "<group>"; };
		00CE975613133CBF006F6A38 /* HTTPServeTests.m */ = {isa = PBXFileReference; lastKnownFileType = sourcecode.c.objc; path = HTTPServeTests.m; sourceTree = "<group>"; };
		00CE976013133CD4006F6A38 /* HSHTTPServe.h */ = {isa = PBXFileReference; fileEncoding = 4; lastKnownFileType = sourcecode.c.h; path = HSHTTPServe.h; sourceTree = "<group>"; };
		00CE976113133CD4006F6A38 /* HSHTTPServe.m */ = {isa = PBXFileReference; fileEncoding = 4; lastKnownFileType = sourcecode.c.objc; path = HSHTTPServe.m; sourceTree = "<group>"; };
		00E35D91132C032F00D25EFF /* libhttpserve.a */ = {isa = PBXFileReference; explicitFileType = archive.ar; includeInIndex = 0; path = libhttpserve.a; sourceTree = BUILT_PRODUCTS_DIR; };
		00E35D95132C032F00D25EFF /* httpserve-Prefix.pch */ = {isa = PBXFileReference; lastKnownFileType = sourcecode.c.h; path = "httpserve-Prefix.pch"; sourceTree = "<group>"; };
/* End PBXFileReference section */

/* Begin PBXFrameworksBuildPhase section */
		00E35D8E132C032F00D25EFF /* Frameworks */ = {
			isa = PBXFrameworksBuildPhase;
			buildActionMask = 2147483647;
			files = (
				00E35D92132C032F00D25EFF /* Cocoa.framework in Frameworks */,
			);
			runOnlyForDeploymentPostprocessing = 0;
		};
/* End PBXFrameworksBuildPhase section */

/* Begin PBXGroup section */
		000BF75D131A12BA0012814B /* rest */ = {
			isa = PBXGroup;
			children = (
				000BF759131A0ED10012814B /* HSRestRequestHandler.h */,
				000BF75A131A0ED10012814B /* HSRestRequestHandler.m */,
				000BF75E131A12D40012814B /* HSRestResource.h */,
				000BF760131A13290012814B /* HSResourceDescriptor.h */,
				000BF761131A13290012814B /* HSResourceDescriptor.m */,
			);
			name = rest;
			sourceTree = "<group>";
		};
		00286EBC1371136000EAB58A /* JSONKit */ = {
			isa = PBXGroup;
			children = (
				00286EBD1371136000EAB58A /* .git */,
				00286EE21371136000EAB58A /* CHANGELOG.md */,
				00286EE31371136000EAB58A /* JSONKit.h */,
				00286EE41371136000EAB58A /* JSONKit.m */,
				00286EE51371136000EAB58A /* README.md */,
			);
			name = JSONKit;
			path = libraries/JSONKit;
			sourceTree = "<group>";
		};
		00286EBD1371136000EAB58A /* .git */ = {
			isa = PBXGroup;
			children = (
				00286EBE1371136000EAB58A /* branches */,
				00286EBF1371136000EAB58A /* config */,
				00286EC01371136000EAB58A /* description */,
				00286EC11371136000EAB58A /* HEAD */,
				00286EC21371136000EAB58A /* hooks */,
				00286ECD1371136000EAB58A /* index */,
				00286ECE1371136000EAB58A /* info */,
				00286ED01371136000EAB58A /* logs */,
				00286ED51371136000EAB58A /* objects */,
				00286EDA1371136000EAB58A /* packed-refs */,
				00286EDB1371136000EAB58A /* refs */,
			);
			path = .git;
			sourceTree = "<group>";
		};
		00286EBE1371136000EAB58A /* branches */ = {
			isa = PBXGroup;
			children = (
			);
			path = branches;
			sourceTree = "<group>";
		};
		00286EC21371136000EAB58A /* hooks */ = {
			isa = PBXGroup;
			children = (
				00286EC31371136000EAB58A /* applypatch-msg.sample */,
				00286EC41371136000EAB58A /* commit-msg.sample */,
				00286EC51371136000EAB58A /* post-commit.sample */,
				00286EC61371136000EAB58A /* post-receive.sample */,
				00286EC71371136000EAB58A /* post-update.sample */,
				00286EC81371136000EAB58A /* pre-applypatch.sample */,
				00286EC91371136000EAB58A /* pre-commit.sample */,
				00286ECA1371136000EAB58A /* pre-rebase.sample */,
				00286ECB1371136000EAB58A /* prepare-commit-msg.sample */,
				00286ECC1371136000EAB58A /* update.sample */,
			);
			path = hooks;
			sourceTree = "<group>";
		};
		00286ECE1371136000EAB58A /* info */ = {
			isa = PBXGroup;
			children = (
				00286ECF1371136000EAB58A /* exclude */,
			);
			path = info;
			sourceTree = "<group>";
		};
		00286ED01371136000EAB58A /* logs */ = {
			isa = PBXGroup;
			children = (
				00286ED11371136000EAB58A /* HEAD */,
				00286ED21371136000EAB58A /* refs */,
			);
			path = logs;
			sourceTree = "<group>";
		};
		00286ED21371136000EAB58A /* refs */ = {
			isa = PBXGroup;
			children = (
				00286ED31371136000EAB58A /* heads */,
			);
			path = refs;
			sourceTree = "<group>";
		};
		00286ED31371136000EAB58A /* heads */ = {
			isa = PBXGroup;
			children = (
				00286ED41371136000EAB58A /* master */,
			);
			path = heads;
			sourceTree = "<group>";
		};
		00286ED51371136000EAB58A /* objects */ = {
			isa = PBXGroup;
			children = (
				00286ED61371136000EAB58A /* info */,
				00286ED71371136000EAB58A /* pack */,
			);
			path = objects;
			sourceTree = "<group>";
		};
		00286ED61371136000EAB58A /* info */ = {
			isa = PBXGroup;
			children = (
			);
			path = info;
			sourceTree = "<group>";
		};
		00286ED71371136000EAB58A /* pack */ = {
			isa = PBXGroup;
			children = (
				00286ED81371136000EAB58A /* pack-96df0815924ed1af10e09d586561151a14db0564.idx */,
				00286ED91371136000EAB58A /* pack-96df0815924ed1af10e09d586561151a14db0564.pack */,
			);
			path = pack;
			sourceTree = "<group>";
		};
		00286EDB1371136000EAB58A /* refs */ = {
			isa = PBXGroup;
			children = (
				00286EDC1371136000EAB58A /* heads */,
				00286EDE1371136000EAB58A /* remotes */,
				00286EE11371136000EAB58A /* tags */,
			);
			path = refs;
			sourceTree = "<group>";
		};
		00286EDC1371136000EAB58A /* heads */ = {
			isa = PBXGroup;
			children = (
				00286EDD1371136000EAB58A /* master */,
			);
			path = heads;
			sourceTree = "<group>";
		};
		00286EDE1371136000EAB58A /* remotes */ = {
			isa = PBXGroup;
			children = (
				00286EDF1371136000EAB58A /* origin */,
			);
			path = remotes;
			sourceTree = "<group>";
		};
		00286EDF1371136000EAB58A /* origin */ = {
			isa = PBXGroup;
			children = (
				00286EE01371136000EAB58A /* HEAD */,
			);
			path = origin;
			sourceTree = "<group>";
		};
		00286EE11371136000EAB58A /* tags */ = {
			isa = PBXGroup;
			children = (
			);
			path = tags;
			sourceTree = "<group>";
		};
		007A80571319DDA50040A3AE /* util */ = {
			isa = PBXGroup;
			children = (
				007A80621319E6620040A3AE /* HSClassHolder.h */,
				007A80631319E6620040A3AE /* HSClassHolder.m */,
				007A80531319DD980040A3AE /* HSSystemUtil.h */,
				007A80541319DD990040A3AE /* HSSystemUtil.m */,
				0043D8BF137F5D2800897D4D /* NSString+HTTPServe.h */,
				0043D8C0137F5D2800897D4D /* NSString+HTTPServe.m */,
			);
			name = util;
			sourceTree = "<group>";
		};
		007A80601319E63E0040A3AE /* server */ = {
			isa = PBXGroup;
			children = (
				00CE976013133CD4006F6A38 /* HSHTTPServe.h */,
				00CE976113133CD4006F6A38 /* HSHTTPServe.m */,
				007A804F1319D9910040A3AE /* HSRequestHandlerRegistry.h */,
				007A80501319D9910040A3AE /* HSRequestHandlerRegistry.m */,
			);
			name = server;
			sourceTree = "<group>";
		};
		007A80611319E6500040A3AE /* handler */ = {
			isa = PBXGroup;
			children = (
				00BF732B1319EBB80009761A /* HSNotFoundHandler.h */,
				00BF732C1319EBB80009761A /* HSNotFoundHandler.m */,
				00A17CA31319CA66002B0FC3 /* HSRequestHandler.h */,
				0043D8BA137F559E00897D4D /* HSHandlerPath.h */,
				0043D8BB137F559E00897D4D /* HSHandlerPath.m */,
			);
			name = handler;
			sourceTree = "<group>";
		};
		00BF73281319E9960009761A /* connection */ = {
			isa = PBXGroup;
			children = (
				00530B7C1313478A006A9311 /* HSHTTPConnection.h */,
				00530B7D1313478A006A9311 /* HSHTTPConnection.m */,
			);
			name = connection;
			sourceTree = "<group>";
		};
		00BF73681319F5150009761A /* response */ = {
			isa = PBXGroup;
			children = (
				00A17CA61319CA85002B0FC3 /* HSResponse.h */,
				00A17CA71319CA85002B0FC3 /* HSResponse.m */,
				0013189C1319F9DD00F0AFB8 /* HSResponseCode.h */,
			);
			name = response;
			sourceTree = "<group>";
		};
		00BF73691319F5240009761A /* request */ = {
			isa = PBXGroup;
			children = (
				000BF764131A13500012814B /* HSHttpMethod.h */,
				008875BB131A170E00399F98 /* HSHttpMethod.m */,
				00BF736A1319F5320009761A /* HSRequest.h */,
				00BF736B1319F5320009761A /* HSRequest.m */,
			);
			name = request;
			sourceTree = "<group>";
		};
		00CE972713133CBE006F6A38 = {
			isa = PBXGroup;
			children = (
				00530B8113134E84006A9311 /* test.html */,
				00CE973C13133CBF006F6A38 /* HTTPServe */,
				00CE974D13133CBF006F6A38 /* HTTPServeTests */,
				00E35D93132C032F00D25EFF /* httpserve */,
				00CE973513133CBF006F6A38 /* Frameworks */,
				00CE973413133CBF006F6A38 /* Products */,
			);
			sourceTree = "<group>";
		};
		00CE973413133CBF006F6A38 /* Products */ = {
			isa = PBXGroup;
			children = (
				00E35D91132C032F00D25EFF /* libhttpserve.a */,
			);
			name = Products;
			sourceTree = "<group>";
		};
		00CE973513133CBF006F6A38 /* Frameworks */ = {
			isa = PBXGroup;
			children = (
				00286EBC1371136000EAB58A /* JSONKit */,
				00CE973613133CBF006F6A38 /* Cocoa.framework */,
			);
			name = Frameworks;
			sourceTree = "<group>";
		};
		00CE973C13133CBF006F6A38 /* HTTPServe */ = {
			isa = PBXGroup;
			children = (
				00BF73281319E9960009761A /* connection */,
				007A80611319E6500040A3AE /* handler */,
				00BF73691319F5240009761A /* request */,
				00BF73681319F5150009761A /* response */,
				000BF75D131A12BA0012814B /* rest */,
				007A80601319E63E0040A3AE /* server */,
				007A80571319DDA50040A3AE /* util */,
				00CE973D13133CBF006F6A38 /* Supporting Files */,
			);
			path = HTTPServe;
			sourceTree = "<group>";
		};
		00CE973D13133CBF006F6A38 /* Supporting Files */ = {
			isa = PBXGroup;
			children = (
				00CE973E13133CBF006F6A38 /* HTTPServe-Info.plist */,
				00CE973F13133CBF006F6A38 /* InfoPlist.strings */,
				00CE974213133CBF006F6A38 /* HTTPServe-Prefix.pch */,
			);
			name = "Supporting Files";
			sourceTree = "<group>";
		};
		00CE974D13133CBF006F6A38 /* HTTPServeTests */ = {
			isa = PBXGroup;
			children = (
				00CE975413133CBF006F6A38 /* HTTPServeTests.h */,
				00CE975613133CBF006F6A38 /* HTTPServeTests.m */,
				00CE974E13133CBF006F6A38 /* Supporting Files */,
			);
			path = HTTPServeTests;
			sourceTree = "<group>";
		};
		00CE974E13133CBF006F6A38 /* Supporting Files */ = {
			isa = PBXGroup;
			children = (
				00CE974F13133CBF006F6A38 /* HTTPServeTests-Info.plist */,
				00CE975013133CBF006F6A38 /* InfoPlist.strings */,
				00CE975313133CBF006F6A38 /* HTTPServeTests-Prefix.pch */,
			);
			name = "Supporting Files";
			sourceTree = "<group>";
		};
		00E35D93132C032F00D25EFF /* httpserve */ = {
			isa = PBXGroup;
			children = (
				00E35D94132C032F00D25EFF /* Supporting Files */,
			);
			path = httpserve;
			sourceTree = "<group>";
		};
		00E35D94132C032F00D25EFF /* Supporting Files */ = {
			isa = PBXGroup;
			children = (
				00E35D95132C032F00D25EFF /* httpserve-Prefix.pch */,
			);
			name = "Supporting Files";
			sourceTree = "<group>";
		};
/* End PBXGroup section */

/* Begin PBXHeadersBuildPhase section */
		00E35D8F132C032F00D25EFF /* Headers */ = {
			isa = PBXHeadersBuildPhase;
			buildActionMask = 2147483647;
			files = (
				00E35DBB132C03B100D25EFF /* HSHTTPServe.h in Headers */,
				00E35DB7132C03B100D25EFF /* HSHttpMethod.h in Headers */,
				00E35DBC132C03EA00D25EFF /* HSRequest.h in Headers */,
				00E35DBD132C03EA00D25EFF /* HSResourceDescriptor.h in Headers */,
				00E35DB6132C03B100D25EFF /* HSRequestHandler.h in Headers */,
				00E35DB8132C03B100D25EFF /* HSResponse.h in Headers */,
				00E35DB9132C03B100D25EFF /* HSResponseCode.h in Headers */,
				0043D8BC137F559E00897D4D /* HSHandlerPath.h in Headers */,
				00E35DBA132C03B100D25EFF /* HSRestResource.h in Headers */,
				0043D8C1137F5D2800897D4D /* NSString+HTTPServe.h in Headers */,
				00323D42132C195E003BED87 /* HSNotFoundHandler.h in Headers */,
				00323D41132C1943003BED87 /* HSRequestHandlerRegistry.h in Headers */,
				008AECAA132C112D000A29C9 /* HSHTTPConnection.h in Headers */,
				008AECAC132C112E000A29C9 /* HSClassHolder.h in Headers */,
				008AECAD132C112E000A29C9 /* HSSystemUtil.h in Headers */,
				008AECA9132C1105000A29C9 /* HSRestRequestHandler.h in Headers */,
				00286EE61371136000EAB58A /* JSONKit.h in Headers */,
			);
			runOnlyForDeploymentPostprocessing = 0;
		};
/* End PBXHeadersBuildPhase section */

/* Begin PBXNativeTarget section */
		00E35D90132C032F00D25EFF /* httpserve */ = {
			isa = PBXNativeTarget;
			buildConfigurationList = 00E35D96132C032F00D25EFF /* Build configuration list for PBXNativeTarget "httpserve" */;
			buildPhases = (
				00E35D8D132C032F00D25EFF /* Sources */,
				00E35D8E132C032F00D25EFF /* Frameworks */,
				00E35D8F132C032F00D25EFF /* Headers */,
			);
			buildRules = (
			);
			dependencies = (
			);
			name = httpserve;
			productName = httpserve;
			productReference = 00E35D91132C032F00D25EFF /* libhttpserve.a */;
			productType = "com.apple.product-type.library.static";
		};
/* End PBXNativeTarget section */

/* Begin PBXProject section */
		00CE972913133CBE006F6A38 /* Project object */ = {
			isa = PBXProject;
			buildConfigurationList = 00CE972C13133CBE006F6A38 /* Build configuration list for PBXProject "HTTPServe" */;
			compatibilityVersion = "Xcode 3.2";
			developmentRegion = English;
			hasScannedForEncodings = 0;
			knownRegions = (
				en,
			);
			mainGroup = 00CE972713133CBE006F6A38;
			productRefGroup = 00CE973413133CBF006F6A38 /* Products */;
			projectDirPath = "";
			projectRoot = "";
			targets = (
				00E35D90132C032F00D25EFF /* httpserve */,
			);
		};
/* End PBXProject section */

/* Begin PBXSourcesBuildPhase section */
		00E35D8D132C032F00D25EFF /* Sources */ = {
			isa = PBXSourcesBuildPhase;
			buildActionMask = 2147483647;
			files = (
				00E35D9A132C035600D25EFF /* HSHTTPConnection.m in Sources */,
				00E35D9C132C035600D25EFF /* HSNotFoundHandler.m in Sources */,
				00E35D9F132C035600D25EFF /* HSHttpMethod.m in Sources */,
				00E35DA1132C035600D25EFF /* HSRequest.m in Sources */,
				00E35DA3132C035600D25EFF /* HSResponse.m in Sources */,
				00E35DA6132C035600D25EFF /* HSRestRequestHandler.m in Sources */,
				00E35DA9132C035600D25EFF /* HSResourceDescriptor.m in Sources */,
				00E35DAC132C035600D25EFF /* HSHTTPServe.m in Sources */,
				00E35DAE132C035600D25EFF /* HSRequestHandlerRegistry.m in Sources */,
				00E35DB0132C035600D25EFF /* HSClassHolder.m in Sources */,
				00E35DB2132C035600D25EFF /* HSSystemUtil.m in Sources */,
				00286EE71371136000EAB58A /* JSONKit.m in Sources */,
				0043D8BD137F559E00897D4D /* HSHandlerPath.m in Sources */,
				0043D8C2137F5D2800897D4D /* NSString+HTTPServe.m in Sources */,
			);
			runOnlyForDeploymentPostprocessing = 0;
		};
/* End PBXSourcesBuildPhase section */

/* Begin PBXVariantGroup section */
		00CE973F13133CBF006F6A38 /* InfoPlist.strings */ = {
			isa = PBXVariantGroup;
			children = (
				00CE974013133CBF006F6A38 /* en */,
			);
			name = InfoPlist.strings;
			sourceTree = "<group>";
		};
		00CE975013133CBF006F6A38 /* InfoPlist.strings */ = {
			isa = PBXVariantGroup;
			children = (
				00CE975113133CBF006F6A38 /* en */,
			);
			name = InfoPlist.strings;
			sourceTree = "<group>";
		};
/* End PBXVariantGroup section */

/* Begin XCBuildConfiguration section */
		00CE975813133CBF006F6A38 /* Debug */ = {
			isa = XCBuildConfiguration;
			buildSettings = {
				ARCHS = "$(ARCHS_STANDARD_32_64_BIT)";
				GCC_C_LANGUAGE_STANDARD = gnu99;
				GCC_ENABLE_OBJC_GC = unsupported;
				GCC_OPTIMIZATION_LEVEL = 0;
				GCC_PREPROCESSOR_DEFINITIONS = DEBUG;
				GCC_VERSION = com.apple.compilers.llvm.clang.1_0;
				GCC_WARN_64_TO_32_BIT_CONVERSION = YES;
				GCC_WARN_ABOUT_RETURN_TYPE = YES;
				GCC_WARN_UNUSED_VARIABLE = YES;
				MACOSX_DEPLOYMENT_TARGET = 10.6;
				ONLY_ACTIVE_ARCH = NO;
				OTHER_CFLAGS = "";
				OTHER_LDFLAGS = "";
				SDKROOT = macosx;
			};
			name = Debug;
		};
		00CE975913133CBF006F6A38 /* Release */ = {
			isa = XCBuildConfiguration;
			buildSettings = {
				ARCHS = "$(ARCHS_STANDARD_32_64_BIT)";
				GCC_C_LANGUAGE_STANDARD = gnu99;
				GCC_ENABLE_OBJC_GC = unsupported;
				GCC_VERSION = com.apple.compilers.llvm.clang.1_0;
				GCC_WARN_64_TO_32_BIT_CONVERSION = YES;
				GCC_WARN_ABOUT_RETURN_TYPE = YES;
				GCC_WARN_UNUSED_VARIABLE = YES;
				MACOSX_DEPLOYMENT_TARGET = 10.6;
				ONLY_ACTIVE_ARCH = NO;
				OTHER_CFLAGS = "";
				OTHER_LDFLAGS = "";
				SDKROOT = macosx;
			};
			name = Release;
		};
		00E35D97132C032F00D25EFF /* Debug */ = {
			isa = XCBuildConfiguration;
			buildSettings = {
				ALWAYS_SEARCH_USER_PATHS = NO;
				ARCHS = "$(ARCHS_STANDARD_32_64_BIT)";
				COPY_PHASE_STRIP = NO;
				GCC_DYNAMIC_NO_PIC = NO;
				GCC_ENABLE_OBJC_EXCEPTIONS = YES;
				GCC_PRECOMPILE_PREFIX_HEADER = YES;
				GCC_PREFIX_HEADER = "httpserve/httpserve-Prefix.pch";
				GCC_SYMBOLS_PRIVATE_EXTERN = NO;
				ONLY_ACTIVE_ARCH = NO;
				PRIVATE_HEADERS_FOLDER_PATH = /usr/local/include/HTTPServe;
				PRODUCT_NAME = httpserve;
				PUBLIC_HEADERS_FOLDER_PATH = /usr/local/include/HTTPServe;
				VALID_ARCHS = "x86_64 i386";
			};
			name = Debug;
		};
		00E35D98132C032F00D25EFF /* Release */ = {
			isa = XCBuildConfiguration;
			buildSettings = {
				ALWAYS_SEARCH_USER_PATHS = NO;
				ARCHS = "$(ARCHS_STANDARD_32_64_BIT)";
				COPY_PHASE_STRIP = YES;
				DEBUG_INFORMATION_FORMAT = "dwarf-with-dsym";
				GCC_ENABLE_OBJC_EXCEPTIONS = YES;
				GCC_PRECOMPILE_PREFIX_HEADER = YES;
				GCC_PREFIX_HEADER = "httpserve/httpserve-Prefix.pch";
				PRIVATE_HEADERS_FOLDER_PATH = /usr/local/include/HTTPServe;
				PRODUCT_NAME = httpserve;
				PUBLIC_HEADERS_FOLDER_PATH = /usr/local/include/HTTPServe;
				VALID_ARCHS = "x86_64 i386";
			};
			name = Release;
		};
/* End XCBuildConfiguration section */

/* Begin XCConfigurationList section */
		00CE972C13133CBE006F6A38 /* Build configuration list for PBXProject "HTTPServe" */ = {
			isa = XCConfigurationList;
			buildConfigurations = (
				00CE975813133CBF006F6A38 /* Debug */,
				00CE975913133CBF006F6A38 /* Release */,
			);
			defaultConfigurationIsVisible = 0;
			defaultConfigurationName = Release;
		};
		00E35D96132C032F00D25EFF /* Build configuration list for PBXNativeTarget "httpserve" */ = {
			isa = XCConfigurationList;
			buildConfigurations = (
				00E35D97132C032F00D25EFF /* Debug */,
				00E35D98132C032F00D25EFF /* Release */,
			);
			defaultConfigurationIsVisible = 0;
			defaultConfigurationName = Release;
		};
/* End XCConfigurationList section */
	};
	rootObject = 00CE972913133CBE006F6A38 /* Project object */;
}
