// !$*UTF8*$!
{
	archiveVersion = 1;
	classes = {
	};
	objectVersion = 46;
	objects = {

/* Begin PBXBuildFile section */
		000BF75B131A0ED40012814B /* RestRequestHandler.h in Headers */ = {isa = PBXBuildFile; fileRef = 000BF759131A0ED10012814B /* RestRequestHandler.h */; };
		000BF75C131A0ED40012814B /* RestRequestHandler.m in Sources */ = {isa = PBXBuildFile; fileRef = 000BF75A131A0ED10012814B /* RestRequestHandler.m */; };
		000BF75F131A12D40012814B /* RestResource.h in Headers */ = {isa = PBXBuildFile; fileRef = 000BF75E131A12D40012814B /* RestResource.h */; settings = {ATTRIBUTES = (Public, ); }; };
		000BF762131A13290012814B /* ResourceDescriptor.h in Headers */ = {isa = PBXBuildFile; fileRef = 000BF760131A13290012814B /* ResourceDescriptor.h */; settings = {ATTRIBUTES = (Public, ); }; };
		000BF763131A13290012814B /* ResourceDescriptor.m in Sources */ = {isa = PBXBuildFile; fileRef = 000BF761131A13290012814B /* ResourceDescriptor.m */; };
		000BF765131A13500012814B /* HttpMethod.h in Headers */ = {isa = PBXBuildFile; fileRef = 000BF764131A13500012814B /* HttpMethod.h */; settings = {ATTRIBUTES = (Public, ); }; };
		0013189E1319F9DD00F0AFB8 /* ResponseCode.h in Headers */ = {isa = PBXBuildFile; fileRef = 0013189C1319F9DD00F0AFB8 /* ResponseCode.h */; settings = {ATTRIBUTES = (Public, ); }; };
		00530B7E1313478A006A9311 /* HTTPConnection.h in Headers */ = {isa = PBXBuildFile; fileRef = 00530B7C1313478A006A9311 /* HTTPConnection.h */; };
		00530B7F1313478A006A9311 /* HTTPConnection.m in Sources */ = {isa = PBXBuildFile; fileRef = 00530B7D1313478A006A9311 /* HTTPConnection.m */; };
		00530B8213134E84006A9311 /* test.html in Resources */ = {isa = PBXBuildFile; fileRef = 00530B8113134E84006A9311 /* test.html */; };
		007A804E1319CFAB0040A3AE /* HTTPServeProtected.h in Headers */ = {isa = PBXBuildFile; fileRef = 007A804D1319CFAB0040A3AE /* HTTPServeProtected.h */; };
		007A80511319D9910040A3AE /* RequestHandlerRegistry.h in Headers */ = {isa = PBXBuildFile; fileRef = 007A804F1319D9910040A3AE /* RequestHandlerRegistry.h */; };
		007A80521319D9910040A3AE /* RequestHandlerRegistry.m in Sources */ = {isa = PBXBuildFile; fileRef = 007A80501319D9910040A3AE /* RequestHandlerRegistry.m */; };
		007A80551319DD9B0040A3AE /* SystemUtil.h in Headers */ = {isa = PBXBuildFile; fileRef = 007A80531319DD980040A3AE /* SystemUtil.h */; };
		007A80561319DD9B0040A3AE /* SystemUtil.m in Sources */ = {isa = PBXBuildFile; fileRef = 007A80541319DD990040A3AE /* SystemUtil.m */; };
		007A80641319E6620040A3AE /* ClassHolder.h in Headers */ = {isa = PBXBuildFile; fileRef = 007A80621319E6620040A3AE /* ClassHolder.h */; };
		007A80651319E6620040A3AE /* ClassHolder.m in Sources */ = {isa = PBXBuildFile; fileRef = 007A80631319E6620040A3AE /* ClassHolder.m */; };
		008875BC131A170E00399F98 /* HttpMethod.m in Sources */ = {isa = PBXBuildFile; fileRef = 008875BB131A170E00399F98 /* HttpMethod.m */; };
		009D34B01322F9CF003016BA /* JSON.framework in Frameworks */ = {isa = PBXBuildFile; fileRef = 009D34AF1322F9CF003016BA /* JSON.framework */; };
		00A17CA41319CA66002B0FC3 /* RequestHandler.h in Headers */ = {isa = PBXBuildFile; fileRef = 00A17CA31319CA66002B0FC3 /* RequestHandler.h */; settings = {ATTRIBUTES = (Public, ); }; };
		00A17CA81319CA85002B0FC3 /* Response.h in Headers */ = {isa = PBXBuildFile; fileRef = 00A17CA61319CA85002B0FC3 /* Response.h */; settings = {ATTRIBUTES = (Public, ); }; };
		00A17CA91319CA85002B0FC3 /* Response.m in Sources */ = {isa = PBXBuildFile; fileRef = 00A17CA71319CA85002B0FC3 /* Response.m */; };
		00BF732D1319EBB80009761A /* NotFoundHandler.h in Headers */ = {isa = PBXBuildFile; fileRef = 00BF732B1319EBB80009761A /* NotFoundHandler.h */; };
		00BF732E1319EBB80009761A /* NotFoundHandler.m in Sources */ = {isa = PBXBuildFile; fileRef = 00BF732C1319EBB80009761A /* NotFoundHandler.m */; };
		00BF736C1319F5320009761A /* Request.h in Headers */ = {isa = PBXBuildFile; fileRef = 00BF736A1319F5320009761A /* Request.h */; settings = {ATTRIBUTES = (Public, ); }; };
		00BF736D1319F5320009761A /* Request.m in Sources */ = {isa = PBXBuildFile; fileRef = 00BF736B1319F5320009761A /* Request.m */; };
		00CE973713133CBF006F6A38 /* Cocoa.framework in Frameworks */ = {isa = PBXBuildFile; fileRef = 00CE973613133CBF006F6A38 /* Cocoa.framework */; };
		00CE974113133CBF006F6A38 /* InfoPlist.strings in Resources */ = {isa = PBXBuildFile; fileRef = 00CE973F13133CBF006F6A38 /* InfoPlist.strings */; };
		00CE974913133CBF006F6A38 /* Cocoa.framework in Frameworks */ = {isa = PBXBuildFile; fileRef = 00CE973613133CBF006F6A38 /* Cocoa.framework */; };
		00CE974C13133CBF006F6A38 /* HTTPServe.framework in Frameworks */ = {isa = PBXBuildFile; fileRef = 00CE973313133CBF006F6A38 /* HTTPServe.framework */; };
		00CE975213133CBF006F6A38 /* InfoPlist.strings in Resources */ = {isa = PBXBuildFile; fileRef = 00CE975013133CBF006F6A38 /* InfoPlist.strings */; };
		00CE975513133CBF006F6A38 /* HTTPServeTests.h in Resources */ = {isa = PBXBuildFile; fileRef = 00CE975413133CBF006F6A38 /* HTTPServeTests.h */; };
		00CE975713133CBF006F6A38 /* HTTPServeTests.m in Sources */ = {isa = PBXBuildFile; fileRef = 00CE975613133CBF006F6A38 /* HTTPServeTests.m */; };
		00CE976213133CD4006F6A38 /* HTTPServe.h in Headers */ = {isa = PBXBuildFile; fileRef = 00CE976013133CD4006F6A38 /* HTTPServe.h */; settings = {ATTRIBUTES = (Public, ); }; };
		00CE976313133CD4006F6A38 /* HTTPServe.m in Sources */ = {isa = PBXBuildFile; fileRef = 00CE976113133CD4006F6A38 /* HTTPServe.m */; };
/* End PBXBuildFile section */

/* Begin PBXContainerItemProxy section */
		00CE974A13133CBF006F6A38 /* PBXContainerItemProxy */ = {
			isa = PBXContainerItemProxy;
			containerPortal = 00CE972913133CBE006F6A38 /* Project object */;
			proxyType = 1;
			remoteGlobalIDString = 00CE973213133CBE006F6A38;
			remoteInfo = HTTPServe;
		};
/* End PBXContainerItemProxy section */

/* Begin PBXFileReference section */
		000BF759131A0ED10012814B /* RestRequestHandler.h */ = {isa = PBXFileReference; fileEncoding = 4; lastKnownFileType = sourcecode.c.h; path = RestRequestHandler.h; sourceTree = "<group>"; };
		000BF75A131A0ED10012814B /* RestRequestHandler.m */ = {isa = PBXFileReference; fileEncoding = 4; lastKnownFileType = sourcecode.c.objc; path = RestRequestHandler.m; sourceTree = "<group>"; };
		000BF75E131A12D40012814B /* RestResource.h */ = {isa = PBXFileReference; fileEncoding = 4; lastKnownFileType = sourcecode.c.h; path = RestResource.h; sourceTree = "<group>"; };
		000BF760131A13290012814B /* ResourceDescriptor.h */ = {isa = PBXFileReference; fileEncoding = 4; lastKnownFileType = sourcecode.c.h; path = ResourceDescriptor.h; sourceTree = "<group>"; };
		000BF761131A13290012814B /* ResourceDescriptor.m */ = {isa = PBXFileReference; fileEncoding = 4; lastKnownFileType = sourcecode.c.objc; path = ResourceDescriptor.m; sourceTree = "<group>"; };
		000BF764131A13500012814B /* HttpMethod.h */ = {isa = PBXFileReference; fileEncoding = 4; lastKnownFileType = sourcecode.c.h; path = HttpMethod.h; sourceTree = "<group>"; };
		0013189C1319F9DD00F0AFB8 /* ResponseCode.h */ = {isa = PBXFileReference; fileEncoding = 4; lastKnownFileType = sourcecode.c.h; path = ResponseCode.h; sourceTree = "<group>"; };
		00530B7C1313478A006A9311 /* HTTPConnection.h */ = {isa = PBXFileReference; fileEncoding = 4; lastKnownFileType = sourcecode.c.h; path = HTTPConnection.h; sourceTree = "<group>"; };
		00530B7D1313478A006A9311 /* HTTPConnection.m */ = {isa = PBXFileReference; fileEncoding = 4; lastKnownFileType = sourcecode.c.objc; path = HTTPConnection.m; sourceTree = "<group>"; };
		00530B8113134E84006A9311 /* test.html */ = {isa = PBXFileReference; fileEncoding = 4; lastKnownFileType = text.html; path = test.html; sourceTree = "<group>"; };
		007A804D1319CFAB0040A3AE /* HTTPServeProtected.h */ = {isa = PBXFileReference; fileEncoding = 4; lastKnownFileType = sourcecode.c.h; path = HTTPServeProtected.h; sourceTree = "<group>"; };
		007A804F1319D9910040A3AE /* RequestHandlerRegistry.h */ = {isa = PBXFileReference; fileEncoding = 4; lastKnownFileType = sourcecode.c.h; path = RequestHandlerRegistry.h; sourceTree = "<group>"; };
		007A80501319D9910040A3AE /* RequestHandlerRegistry.m */ = {isa = PBXFileReference; fileEncoding = 4; lastKnownFileType = sourcecode.c.objc; path = RequestHandlerRegistry.m; sourceTree = "<group>"; };
		007A80531319DD980040A3AE /* SystemUtil.h */ = {isa = PBXFileReference; fileEncoding = 4; lastKnownFileType = sourcecode.c.h; path = SystemUtil.h; sourceTree = "<group>"; };
		007A80541319DD990040A3AE /* SystemUtil.m */ = {isa = PBXFileReference; fileEncoding = 4; lastKnownFileType = sourcecode.c.objc; path = SystemUtil.m; sourceTree = "<group>"; };
		007A80621319E6620040A3AE /* ClassHolder.h */ = {isa = PBXFileReference; fileEncoding = 4; lastKnownFileType = sourcecode.c.h; path = ClassHolder.h; sourceTree = "<group>"; };
		007A80631319E6620040A3AE /* ClassHolder.m */ = {isa = PBXFileReference; fileEncoding = 4; lastKnownFileType = sourcecode.c.objc; path = ClassHolder.m; sourceTree = "<group>"; };
		008875BB131A170E00399F98 /* HttpMethod.m */ = {isa = PBXFileReference; fileEncoding = 4; lastKnownFileType = sourcecode.c.objc; path = HttpMethod.m; sourceTree = "<group>"; };
		009D34AF1322F9CF003016BA /* JSON.framework */ = {isa = PBXFileReference; explicitFileType = wrapper.framework; path = JSON.framework; sourceTree = SOURCE_ROOT; };
		00A17CA31319CA66002B0FC3 /* RequestHandler.h */ = {isa = PBXFileReference; fileEncoding = 4; lastKnownFileType = sourcecode.c.h; path = RequestHandler.h; sourceTree = "<group>"; };
		00A17CA61319CA85002B0FC3 /* Response.h */ = {isa = PBXFileReference; fileEncoding = 4; lastKnownFileType = sourcecode.c.h; path = Response.h; sourceTree = "<group>"; };
		00A17CA71319CA85002B0FC3 /* Response.m */ = {isa = PBXFileReference; fileEncoding = 4; lastKnownFileType = sourcecode.c.objc; path = Response.m; sourceTree = "<group>"; };
		00BF732B1319EBB80009761A /* NotFoundHandler.h */ = {isa = PBXFileReference; fileEncoding = 4; lastKnownFileType = sourcecode.c.h; path = NotFoundHandler.h; sourceTree = "<group>"; };
		00BF732C1319EBB80009761A /* NotFoundHandler.m */ = {isa = PBXFileReference; fileEncoding = 4; lastKnownFileType = sourcecode.c.objc; path = NotFoundHandler.m; sourceTree = "<group>"; };
		00BF73661319F4230009761A /* JSON.framework */ = {isa = PBXFileReference; explicitFileType = wrapper.framework; path = JSON.framework; sourceTree = BUILT_PRODUCTS_DIR; };
		00BF736A1319F5320009761A /* Request.h */ = {isa = PBXFileReference; fileEncoding = 4; lastKnownFileType = sourcecode.c.h; path = Request.h; sourceTree = "<group>"; };
		00BF736B1319F5320009761A /* Request.m */ = {isa = PBXFileReference; fileEncoding = 4; lastKnownFileType = sourcecode.c.objc; path = Request.m; sourceTree = "<group>"; };
		00CE973313133CBF006F6A38 /* HTTPServe.framework */ = {isa = PBXFileReference; explicitFileType = wrapper.framework; includeInIndex = 0; path = HTTPServe.framework; sourceTree = BUILT_PRODUCTS_DIR; };
		00CE973613133CBF006F6A38 /* Cocoa.framework */ = {isa = PBXFileReference; lastKnownFileType = wrapper.framework; name = Cocoa.framework; path = System/Library/Frameworks/Cocoa.framework; sourceTree = SDKROOT; };
		00CE973913133CBF006F6A38 /* AppKit.framework */ = {isa = PBXFileReference; lastKnownFileType = wrapper.framework; name = AppKit.framework; path = System/Library/Frameworks/AppKit.framework; sourceTree = SDKROOT; };
		00CE973A13133CBF006F6A38 /* CoreData.framework */ = {isa = PBXFileReference; lastKnownFileType = wrapper.framework; name = CoreData.framework; path = System/Library/Frameworks/CoreData.framework; sourceTree = SDKROOT; };
		00CE973B13133CBF006F6A38 /* Foundation.framework */ = {isa = PBXFileReference; lastKnownFileType = wrapper.framework; name = Foundation.framework; path = System/Library/Frameworks/Foundation.framework; sourceTree = SDKROOT; };
		00CE973E13133CBF006F6A38 /* HTTPServe-Info.plist */ = {isa = PBXFileReference; lastKnownFileType = text.plist.xml; path = "HTTPServe-Info.plist"; sourceTree = "<group>"; };
		00CE974013133CBF006F6A38 /* en */ = {isa = PBXFileReference; lastKnownFileType = text.plist.strings; name = en; path = en.lproj/InfoPlist.strings; sourceTree = "<group>"; };
		00CE974213133CBF006F6A38 /* HTTPServe-Prefix.pch */ = {isa = PBXFileReference; lastKnownFileType = sourcecode.c.h; path = "HTTPServe-Prefix.pch"; sourceTree = "<group>"; };
		00CE974813133CBF006F6A38 /* HTTPServeTests.octest */ = {isa = PBXFileReference; explicitFileType = wrapper.cfbundle; includeInIndex = 0; path = HTTPServeTests.octest; sourceTree = BUILT_PRODUCTS_DIR; };
		00CE974F13133CBF006F6A38 /* HTTPServeTests-Info.plist */ = {isa = PBXFileReference; lastKnownFileType = text.plist.xml; path = "HTTPServeTests-Info.plist"; sourceTree = "<group>"; };
		00CE975113133CBF006F6A38 /* en */ = {isa = PBXFileReference; lastKnownFileType = text.plist.strings; name = en; path = en.lproj/InfoPlist.strings; sourceTree = "<group>"; };
		00CE975313133CBF006F6A38 /* HTTPServeTests-Prefix.pch */ = {isa = PBXFileReference; lastKnownFileType = sourcecode.c.h; path = "HTTPServeTests-Prefix.pch"; sourceTree = "<group>"; };
		00CE975413133CBF006F6A38 /* HTTPServeTests.h */ = {isa = PBXFileReference; lastKnownFileType = sourcecode.c.h; path = HTTPServeTests.h; sourceTree = "<group>"; };
		00CE975613133CBF006F6A38 /* HTTPServeTests.m */ = {isa = PBXFileReference; lastKnownFileType = sourcecode.c.objc; path = HTTPServeTests.m; sourceTree = "<group>"; };
		00CE976013133CD4006F6A38 /* HTTPServe.h */ = {isa = PBXFileReference; fileEncoding = 4; lastKnownFileType = sourcecode.c.h; path = HTTPServe.h; sourceTree = "<group>"; };
		00CE976113133CD4006F6A38 /* HTTPServe.m */ = {isa = PBXFileReference; fileEncoding = 4; lastKnownFileType = sourcecode.c.objc; path = HTTPServe.m; sourceTree = "<group>"; };
/* End PBXFileReference section */

/* Begin PBXFrameworksBuildPhase section */
		00CE972F13133CBE006F6A38 /* Frameworks */ = {
			isa = PBXFrameworksBuildPhase;
			buildActionMask = 2147483647;
			files = (
				009D34B01322F9CF003016BA /* JSON.framework in Frameworks */,
				00CE973713133CBF006F6A38 /* Cocoa.framework in Frameworks */,
			);
			runOnlyForDeploymentPostprocessing = 0;
		};
		00CE974413133CBF006F6A38 /* Frameworks */ = {
			isa = PBXFrameworksBuildPhase;
			buildActionMask = 2147483647;
			files = (
				00CE974913133CBF006F6A38 /* Cocoa.framework in Frameworks */,
				00CE974C13133CBF006F6A38 /* HTTPServe.framework in Frameworks */,
			);
			runOnlyForDeploymentPostprocessing = 0;
		};
/* End PBXFrameworksBuildPhase section */

/* Begin PBXGroup section */
		000BF75D131A12BA0012814B /* rest */ = {
			isa = PBXGroup;
			children = (
				000BF759131A0ED10012814B /* RestRequestHandler.h */,
				000BF75A131A0ED10012814B /* RestRequestHandler.m */,
				000BF75E131A12D40012814B /* RestResource.h */,
				000BF760131A13290012814B /* ResourceDescriptor.h */,
				000BF761131A13290012814B /* ResourceDescriptor.m */,
			);
			name = rest;
			sourceTree = "<group>";
		};
		007A80571319DDA50040A3AE /* util */ = {
			isa = PBXGroup;
			children = (
				007A80621319E6620040A3AE /* ClassHolder.h */,
				007A80631319E6620040A3AE /* ClassHolder.m */,
				007A80531319DD980040A3AE /* SystemUtil.h */,
				007A80541319DD990040A3AE /* SystemUtil.m */,
			);
			name = util;
			sourceTree = "<group>";
		};
		007A80601319E63E0040A3AE /* server */ = {
			isa = PBXGroup;
			children = (
				00CE976013133CD4006F6A38 /* HTTPServe.h */,
				007A804D1319CFAB0040A3AE /* HTTPServeProtected.h */,
				00CE976113133CD4006F6A38 /* HTTPServe.m */,
				007A804F1319D9910040A3AE /* RequestHandlerRegistry.h */,
				007A80501319D9910040A3AE /* RequestHandlerRegistry.m */,
			);
			name = server;
			sourceTree = "<group>";
		};
		007A80611319E6500040A3AE /* handler */ = {
			isa = PBXGroup;
			children = (
				00BF732B1319EBB80009761A /* NotFoundHandler.h */,
				00BF732C1319EBB80009761A /* NotFoundHandler.m */,
				00A17CA31319CA66002B0FC3 /* RequestHandler.h */,
			);
			name = handler;
			sourceTree = "<group>";
		};
		00BF73281319E9960009761A /* connection */ = {
			isa = PBXGroup;
			children = (
				00530B7C1313478A006A9311 /* HTTPConnection.h */,
				00530B7D1313478A006A9311 /* HTTPConnection.m */,
			);
			name = connection;
			sourceTree = "<group>";
		};
		00BF73681319F5150009761A /* response */ = {
			isa = PBXGroup;
			children = (
				00A17CA61319CA85002B0FC3 /* Response.h */,
				00A17CA71319CA85002B0FC3 /* Response.m */,
				0013189C1319F9DD00F0AFB8 /* ResponseCode.h */,
			);
			name = response;
			sourceTree = "<group>";
		};
		00BF73691319F5240009761A /* request */ = {
			isa = PBXGroup;
			children = (
				000BF764131A13500012814B /* HttpMethod.h */,
				008875BB131A170E00399F98 /* HttpMethod.m */,
				00BF736A1319F5320009761A /* Request.h */,
				00BF736B1319F5320009761A /* Request.m */,
			);
			name = request;
			sourceTree = "<group>";
		};
		00CE972713133CBE006F6A38 = {
			isa = PBXGroup;
			children = (
				009D34AF1322F9CF003016BA /* JSON.framework */,
				00BF73661319F4230009761A /* JSON.framework */,
				00530B8113134E84006A9311 /* test.html */,
				00CE973C13133CBF006F6A38 /* HTTPServe */,
				00CE974D13133CBF006F6A38 /* HTTPServeTests */,
				00CE973513133CBF006F6A38 /* Frameworks */,
				00CE973413133CBF006F6A38 /* Products */,
			);
			sourceTree = "<group>";
		};
		00CE973413133CBF006F6A38 /* Products */ = {
			isa = PBXGroup;
			children = (
				00CE973313133CBF006F6A38 /* HTTPServe.framework */,
				00CE974813133CBF006F6A38 /* HTTPServeTests.octest */,
			);
			name = Products;
			sourceTree = "<group>";
		};
		00CE973513133CBF006F6A38 /* Frameworks */ = {
			isa = PBXGroup;
			children = (
				00CE973613133CBF006F6A38 /* Cocoa.framework */,
				00CE973813133CBF006F6A38 /* Other Frameworks */,
			);
			name = Frameworks;
			sourceTree = "<group>";
		};
		00CE973813133CBF006F6A38 /* Other Frameworks */ = {
			isa = PBXGroup;
			children = (
				00CE973913133CBF006F6A38 /* AppKit.framework */,
				00CE973A13133CBF006F6A38 /* CoreData.framework */,
				00CE973B13133CBF006F6A38 /* Foundation.framework */,
			);
			name = "Other Frameworks";
			sourceTree = "<group>";
		};
		00CE973C13133CBF006F6A38 /* HTTPServe */ = {
			isa = PBXGroup;
			children = (
				00BF73281319E9960009761A /* connection */,
				007A80611319E6500040A3AE /* handler */,
				00BF73691319F5240009761A /* request */,
				00BF73681319F5150009761A /* response */,
				000BF75D131A12BA0012814B /* rest */,
				007A80601319E63E0040A3AE /* server */,
				007A80571319DDA50040A3AE /* util */,
				00CE973D13133CBF006F6A38 /* Supporting Files */,
			);
			path = HTTPServe;
			sourceTree = "<group>";
		};
		00CE973D13133CBF006F6A38 /* Supporting Files */ = {
			isa = PBXGroup;
			children = (
				00CE973E13133CBF006F6A38 /* HTTPServe-Info.plist */,
				00CE973F13133CBF006F6A38 /* InfoPlist.strings */,
				00CE974213133CBF006F6A38 /* HTTPServe-Prefix.pch */,
			);
			name = "Supporting Files";
			sourceTree = "<group>";
		};
		00CE974D13133CBF006F6A38 /* HTTPServeTests */ = {
			isa = PBXGroup;
			children = (
				00CE975413133CBF006F6A38 /* HTTPServeTests.h */,
				00CE975613133CBF006F6A38 /* HTTPServeTests.m */,
				00CE974E13133CBF006F6A38 /* Supporting Files */,
			);
			path = HTTPServeTests;
			sourceTree = "<group>";
		};
		00CE974E13133CBF006F6A38 /* Supporting Files */ = {
			isa = PBXGroup;
			children = (
				00CE974F13133CBF006F6A38 /* HTTPServeTests-Info.plist */,
				00CE975013133CBF006F6A38 /* InfoPlist.strings */,
				00CE975313133CBF006F6A38 /* HTTPServeTests-Prefix.pch */,
			);
			name = "Supporting Files";
			sourceTree = "<group>";
		};
/* End PBXGroup section */

/* Begin PBXHeadersBuildPhase section */
		00CE973013133CBE006F6A38 /* Headers */ = {
			isa = PBXHeadersBuildPhase;
			buildActionMask = 2147483647;
			files = (
				00CE976213133CD4006F6A38 /* HTTPServe.h in Headers */,
				000BF765131A13500012814B /* HttpMethod.h in Headers */,
				00BF736C1319F5320009761A /* Request.h in Headers */,
				00A17CA41319CA66002B0FC3 /* RequestHandler.h in Headers */,
				000BF762131A13290012814B /* ResourceDescriptor.h in Headers */,
				0013189E1319F9DD00F0AFB8 /* ResponseCode.h in Headers */,
				000BF75F131A12D40012814B /* RestResource.h in Headers */,
				00A17CA81319CA85002B0FC3 /* Response.h in Headers */,
				00530B7E1313478A006A9311 /* HTTPConnection.h in Headers */,
				007A804E1319CFAB0040A3AE /* HTTPServeProtected.h in Headers */,
				007A80511319D9910040A3AE /* RequestHandlerRegistry.h in Headers */,
				007A80551319DD9B0040A3AE /* SystemUtil.h in Headers */,
				007A80641319E6620040A3AE /* ClassHolder.h in Headers */,
				00BF732D1319EBB80009761A /* NotFoundHandler.h in Headers */,
				000BF75B131A0ED40012814B /* RestRequestHandler.h in Headers */,
			);
			runOnlyForDeploymentPostprocessing = 0;
		};
/* End PBXHeadersBuildPhase section */

/* Begin PBXNativeTarget section */
		00CE973213133CBE006F6A38 /* HTTPServe */ = {
			isa = PBXNativeTarget;
			buildConfigurationList = 00CE975A13133CBF006F6A38 /* Build configuration list for PBXNativeTarget "HTTPServe" */;
			buildPhases = (
				00CE972E13133CBE006F6A38 /* Sources */,
				00CE972F13133CBE006F6A38 /* Frameworks */,
				00CE973013133CBE006F6A38 /* Headers */,
				00CE973113133CBE006F6A38 /* Resources */,
			);
			buildRules = (
			);
			dependencies = (
			);
			name = HTTPServe;
			productName = HTTPServe;
			productReference = 00CE973313133CBF006F6A38 /* HTTPServe.framework */;
			productType = "com.apple.product-type.framework";
		};
		00CE974713133CBF006F6A38 /* HTTPServeTests */ = {
			isa = PBXNativeTarget;
			buildConfigurationList = 00CE975D13133CBF006F6A38 /* Build configuration list for PBXNativeTarget "HTTPServeTests" */;
			buildPhases = (
				00CE974313133CBF006F6A38 /* Sources */,
				00CE974413133CBF006F6A38 /* Frameworks */,
				00CE974513133CBF006F6A38 /* Resources */,
				00CE974613133CBF006F6A38 /* ShellScript */,
			);
			buildRules = (
			);
			dependencies = (
				00CE974B13133CBF006F6A38 /* PBXTargetDependency */,
			);
			name = HTTPServeTests;
			productName = HTTPServeTests;
			productReference = 00CE974813133CBF006F6A38 /* HTTPServeTests.octest */;
			productType = "com.apple.product-type.bundle";
		};
/* End PBXNativeTarget section */

/* Begin PBXProject section */
		00CE972913133CBE006F6A38 /* Project object */ = {
			isa = PBXProject;
			buildConfigurationList = 00CE972C13133CBE006F6A38 /* Build configuration list for PBXProject "HTTPServe" */;
			compatibilityVersion = "Xcode 3.2";
			developmentRegion = English;
			hasScannedForEncodings = 0;
			knownRegions = (
				en,
			);
			mainGroup = 00CE972713133CBE006F6A38;
			productRefGroup = 00CE973413133CBF006F6A38 /* Products */;
			projectDirPath = "";
			projectRoot = "";
			targets = (
				00CE973213133CBE006F6A38 /* HTTPServe */,
				00CE974713133CBF006F6A38 /* HTTPServeTests */,
			);
		};
/* End PBXProject section */

/* Begin PBXResourcesBuildPhase section */
		00CE973113133CBE006F6A38 /* Resources */ = {
			isa = PBXResourcesBuildPhase;
			buildActionMask = 2147483647;
			files = (
				00CE974113133CBF006F6A38 /* InfoPlist.strings in Resources */,
				00530B8213134E84006A9311 /* test.html in Resources */,
			);
			runOnlyForDeploymentPostprocessing = 0;
		};
		00CE974513133CBF006F6A38 /* Resources */ = {
			isa = PBXResourcesBuildPhase;
			buildActionMask = 2147483647;
			files = (
				00CE975213133CBF006F6A38 /* InfoPlist.strings in Resources */,
				00CE975513133CBF006F6A38 /* HTTPServeTests.h in Resources */,
			);
			runOnlyForDeploymentPostprocessing = 0;
		};
/* End PBXResourcesBuildPhase section */

/* Begin PBXShellScriptBuildPhase section */
		00CE974613133CBF006F6A38 /* ShellScript */ = {
			isa = PBXShellScriptBuildPhase;
			buildActionMask = 2147483647;
			files = (
			);
			inputPaths = (
			);
			outputPaths = (
			);
			runOnlyForDeploymentPostprocessing = 0;
			shellPath = /bin/sh;
			shellScript = "# Run the unit tests in this test bundle.\n\"${SYSTEM_DEVELOPER_DIR}/Tools/RunUnitTests\"\n";
		};
/* End PBXShellScriptBuildPhase section */

/* Begin PBXSourcesBuildPhase section */
		00CE972E13133CBE006F6A38 /* Sources */ = {
			isa = PBXSourcesBuildPhase;
			buildActionMask = 2147483647;
			files = (
				00CE976313133CD4006F6A38 /* HTTPServe.m in Sources */,
				00530B7F1313478A006A9311 /* HTTPConnection.m in Sources */,
				00A17CA91319CA85002B0FC3 /* Response.m in Sources */,
				007A80521319D9910040A3AE /* RequestHandlerRegistry.m in Sources */,
				007A80561319DD9B0040A3AE /* SystemUtil.m in Sources */,
				007A80651319E6620040A3AE /* ClassHolder.m in Sources */,
				00BF732E1319EBB80009761A /* NotFoundHandler.m in Sources */,
				00BF736D1319F5320009761A /* Request.m in Sources */,
				000BF75C131A0ED40012814B /* RestRequestHandler.m in Sources */,
				000BF763131A13290012814B /* ResourceDescriptor.m in Sources */,
				008875BC131A170E00399F98 /* HttpMethod.m in Sources */,
			);
			runOnlyForDeploymentPostprocessing = 0;
		};
		00CE974313133CBF006F6A38 /* Sources */ = {
			isa = PBXSourcesBuildPhase;
			buildActionMask = 2147483647;
			files = (
				00CE975713133CBF006F6A38 /* HTTPServeTests.m in Sources */,
			);
			runOnlyForDeploymentPostprocessing = 0;
		};
/* End PBXSourcesBuildPhase section */

/* Begin PBXTargetDependency section */
		00CE974B13133CBF006F6A38 /* PBXTargetDependency */ = {
			isa = PBXTargetDependency;
			target = 00CE973213133CBE006F6A38 /* HTTPServe */;
			targetProxy = 00CE974A13133CBF006F6A38 /* PBXContainerItemProxy */;
		};
/* End PBXTargetDependency section */

/* Begin PBXVariantGroup section */
		00CE973F13133CBF006F6A38 /* InfoPlist.strings */ = {
			isa = PBXVariantGroup;
			children = (
				00CE974013133CBF006F6A38 /* en */,
			);
			name = InfoPlist.strings;
			sourceTree = "<group>";
		};
		00CE975013133CBF006F6A38 /* InfoPlist.strings */ = {
			isa = PBXVariantGroup;
			children = (
				00CE975113133CBF006F6A38 /* en */,
			);
			name = InfoPlist.strings;
			sourceTree = "<group>";
		};
/* End PBXVariantGroup section */

/* Begin XCBuildConfiguration section */
		00CE975813133CBF006F6A38 /* Debug */ = {
			isa = XCBuildConfiguration;
			buildSettings = {
				ARCHS = "$(ARCHS_STANDARD_32_64_BIT)";
				GCC_C_LANGUAGE_STANDARD = gnu99;
				GCC_OPTIMIZATION_LEVEL = 0;
				GCC_PREPROCESSOR_DEFINITIONS = DEBUG;
				GCC_VERSION = com.apple.compilers.llvm.clang.1_0;
				GCC_WARN_64_TO_32_BIT_CONVERSION = YES;
				GCC_WARN_ABOUT_RETURN_TYPE = YES;
				GCC_WARN_UNUSED_VARIABLE = YES;
				MACOSX_DEPLOYMENT_TARGET = 10.6;
				ONLY_ACTIVE_ARCH = YES;
				SDKROOT = macosx;
			};
			name = Debug;
		};
		00CE975913133CBF006F6A38 /* Release */ = {
			isa = XCBuildConfiguration;
			buildSettings = {
				ARCHS = "$(ARCHS_STANDARD_32_64_BIT)";
				GCC_C_LANGUAGE_STANDARD = gnu99;
				GCC_VERSION = com.apple.compilers.llvm.clang.1_0;
				GCC_WARN_64_TO_32_BIT_CONVERSION = YES;
				GCC_WARN_ABOUT_RETURN_TYPE = YES;
				GCC_WARN_UNUSED_VARIABLE = YES;
				MACOSX_DEPLOYMENT_TARGET = 10.6;
				SDKROOT = macosx;
			};
			name = Release;
		};
		00CE975B13133CBF006F6A38 /* Debug */ = {
			isa = XCBuildConfiguration;
			buildSettings = {
				ALWAYS_SEARCH_USER_PATHS = NO;
				COPY_PHASE_STRIP = NO;
				DYLIB_COMPATIBILITY_VERSION = 1;
				DYLIB_CURRENT_VERSION = 1;
				FRAMEWORK_SEARCH_PATHS = (
					"$(inherited)",
					"\"$(SRCROOT)\"",
				);
				FRAMEWORK_VERSION = A;
				GCC_DYNAMIC_NO_PIC = NO;
				GCC_ENABLE_OBJC_EXCEPTIONS = YES;
				GCC_PRECOMPILE_PREFIX_HEADER = YES;
				GCC_PREFIX_HEADER = "HTTPServe/HTTPServe-Prefix.pch";
				GCC_VERSION = com.apple.compilers.llvm.clang.1_0;
				INFOPLIST_FILE = "HTTPServe/HTTPServe-Info.plist";
				PRODUCT_NAME = "$(TARGET_NAME)";
				WRAPPER_EXTENSION = framework;
			};
			name = Debug;
		};
		00CE975C13133CBF006F6A38 /* Release */ = {
			isa = XCBuildConfiguration;
			buildSettings = {
				ALWAYS_SEARCH_USER_PATHS = NO;
				COPY_PHASE_STRIP = YES;
				DEBUG_INFORMATION_FORMAT = "dwarf-with-dsym";
				DYLIB_COMPATIBILITY_VERSION = 1;
				DYLIB_CURRENT_VERSION = 1;
				FRAMEWORK_SEARCH_PATHS = (
					"$(inherited)",
					"\"$(SRCROOT)\"",
				);
				FRAMEWORK_VERSION = A;
				GCC_ENABLE_OBJC_EXCEPTIONS = YES;
				GCC_PRECOMPILE_PREFIX_HEADER = YES;
				GCC_PREFIX_HEADER = "HTTPServe/HTTPServe-Prefix.pch";
				GCC_VERSION = com.apple.compilers.llvm.clang.1_0;
				INFOPLIST_FILE = "HTTPServe/HTTPServe-Info.plist";
				PRODUCT_NAME = "$(TARGET_NAME)";
				WRAPPER_EXTENSION = framework;
			};
			name = Release;
		};
		00CE975E13133CBF006F6A38 /* Debug */ = {
			isa = XCBuildConfiguration;
			buildSettings = {
				ALWAYS_SEARCH_USER_PATHS = NO;
				COPY_PHASE_STRIP = NO;
				FRAMEWORK_SEARCH_PATHS = "$(DEVELOPER_LIBRARY_DIR)/Frameworks";
				GCC_DYNAMIC_NO_PIC = NO;
				GCC_ENABLE_OBJC_EXCEPTIONS = YES;
				GCC_PRECOMPILE_PREFIX_HEADER = YES;
				GCC_PREFIX_HEADER = "HTTPServeTests/HTTPServeTests-Prefix.pch";
				INFOPLIST_FILE = "HTTPServeTests/HTTPServeTests-Info.plist";
				INSTALL_PATH = "$(USER_LIBRARY_DIR)/Bundles";
				OTHER_LDFLAGS = (
					"-framework",
					SenTestingKit,
				);
				PRODUCT_NAME = "$(TARGET_NAME)";
				WRAPPER_EXTENSION = octest;
			};
			name = Debug;
		};
		00CE975F13133CBF006F6A38 /* Release */ = {
			isa = XCBuildConfiguration;
			buildSettings = {
				ALWAYS_SEARCH_USER_PATHS = NO;
				COPY_PHASE_STRIP = YES;
				DEBUG_INFORMATION_FORMAT = "dwarf-with-dsym";
				FRAMEWORK_SEARCH_PATHS = "$(DEVELOPER_LIBRARY_DIR)/Frameworks";
				GCC_ENABLE_OBJC_EXCEPTIONS = YES;
				GCC_PRECOMPILE_PREFIX_HEADER = YES;
				GCC_PREFIX_HEADER = "HTTPServeTests/HTTPServeTests-Prefix.pch";
				INFOPLIST_FILE = "HTTPServeTests/HTTPServeTests-Info.plist";
				INSTALL_PATH = "$(USER_LIBRARY_DIR)/Bundles";
				OTHER_LDFLAGS = (
					"-framework",
					SenTestingKit,
				);
				PRODUCT_NAME = "$(TARGET_NAME)";
				WRAPPER_EXTENSION = octest;
			};
			name = Release;
		};
/* End XCBuildConfiguration section */

/* Begin XCConfigurationList section */
		00CE972C13133CBE006F6A38 /* Build configuration list for PBXProject "HTTPServe" */ = {
			isa = XCConfigurationList;
			buildConfigurations = (
				00CE975813133CBF006F6A38 /* Debug */,
				00CE975913133CBF006F6A38 /* Release */,
			);
			defaultConfigurationIsVisible = 0;
			defaultConfigurationName = Release;
		};
		00CE975A13133CBF006F6A38 /* Build configuration list for PBXNativeTarget "HTTPServe" */ = {
			isa = XCConfigurationList;
			buildConfigurations = (
				00CE975B13133CBF006F6A38 /* Debug */,
				00CE975C13133CBF006F6A38 /* Release */,
			);
			defaultConfigurationIsVisible = 0;
			defaultConfigurationName = Release;
		};
		00CE975D13133CBF006F6A38 /* Build configuration list for PBXNativeTarget "HTTPServeTests" */ = {
			isa = XCConfigurationList;
			buildConfigurations = (
				00CE975E13133CBF006F6A38 /* Debug */,
				00CE975F13133CBF006F6A38 /* Release */,
			);
			defaultConfigurationIsVisible = 0;
			defaultConfigurationName = Release;
		};
/* End XCConfigurationList section */
	};
	rootObject = 00CE972913133CBE006F6A38 /* Project object */;
}
